
Microsoft Visual Studio Solution File, Format Version 12.00
# Visual Studio Version 17
VisualStudioVersion = 17.0.31903.59
MinimumVisualStudioVersion = 10.0.40219.1
Project("{FAE04EC0-301F-11D3-BF4B-00C04F79EFBC}") = "CVXkernel.Client", "CVXkernel.Client\CVXkernel.Client.csproj", "{AB7FF477-C05C-48CE-8DB6-E887CB9BE402}"
EndProject
Project("{FAE04EC0-301F-11D3-BF4B-00C04F79EFBC}") = "CVXkernel.Client.Tests", "CVXkernel.Client.Tests\CVXkernel.Client.Tests.csproj", "{A1D084D5-D5A6-44EE-85A0-35AFB4C736AA}"
EndProject
Project("{FAE04EC0-301F-11D3-BF4B-00C04F79EFBC}") = "CVXkernel.Sample", "CVXkernel.Sample\CVXkernel.Sample.csproj", "{A8DA2E9A-F5A6-4EFE-B73C-58D814FC88DA}"
EndProject
Project("{FAE04EC0-301F-11D3-BF4B-00C04F79EFBC}") = "GVxSdk.Client", "GVxSdk.Client\GVxSdk.Client.csproj", "{CE00B1BF-E1E4-49A8-83BE-651752D122BA}"
EndProject
Global
	GlobalSection(SolutionConfigurationPlatforms) = preSolution
		Debug|Any CPU = Debug|Any CPU
		Release|Any CPU = Release|Any CPU
	EndGlobalSection
	GlobalSection(ProjectConfigurationPlatforms) = postSolution
		{AB7FF477-C05C-48CE-8DB6-E887CB9BE402}.Debug|Any CPU.ActiveCfg = Debug|Any CPU
		{AB7FF477-C05C-48CE-8DB6-E887CB9BE402}.Debug|Any CPU.Build.0 = Debug|Any CPU
		{AB7FF477-C05C-48CE-8DB6-E887CB9BE402}.Release|Any CPU.ActiveCfg = Release|Any CPU
		{AB7FF477-C05C-48CE-8DB6-E887CB9BE402}.Release|Any CPU.Build.0 = Release|Any CPU
		{A1D084D5-D5A6-44EE-85A0-35AFB4C736AA}.Debug|Any CPU.ActiveCfg = Debug|Any CPU
		{A1D084D5-D5A6-44EE-85A0-35AFB4C736AA}.Debug|Any CPU.Build.0 = Debug|Any CPU
		{A1D084D5-D5A6-44EE-85A0-35AFB4C736AA}.Release|Any CPU.ActiveCfg = Release|Any CPU
		{A1D084D5-D5A6-44EE-85A0-35AFB4C736AA}.Release|Any CPU.Build.0 = Release|Any CPU
		{A8DA2E9A-F5A6-4EFE-B73C-58D814FC88DA}.Debug|Any CPU.ActiveCfg = Debug|Any CPU
		{A8DA2E9A-F5A6-4EFE-B73C-58D814FC88DA}.Debug|Any CPU.Build.0 = Debug|Any CPU
		{A8DA2E9A-F5A6-4EFE-B73C-58D814FC88DA}.Release|Any CPU.ActiveCfg = Release|Any CPU
		{A8DA2E9A-F5A6-4EFE-B73C-58D814FC88DA}.Release|Any CPU.Build.0 = Release|Any CPU
		{CE00B1BF-E1E4-49A8-83BE-651752D122BA}.Debug|Any CPU.ActiveCfg = Debug|Any CPU
		{CE00B1BF-E1E4-49A8-83BE-651752D122BA}.Debug|Any CPU.Build.0 = Debug|Any CPU
		{CE00B1BF-E1E4-49A8-83BE-651752D122BA}.Release|Any CPU.ActiveCfg = Release|Any CPU
		{CE00B1BF-E1E4-49A8-83BE-651752D122BA}.Release|Any CPU.Build.0 = Release|Any CPU
	EndGlobalSection
EndGlobal
